
Microsoft Visual Studio Solution File, Format Version 12.00
# Visual Studio Version 17
VisualStudioVersion = 17.11.35312.102
MinimumVisualStudioVersion = 10.0.40219.1
Project("{9A19103F-16F7-4668-BE54-9A1E7A4F7556}") = "DisasterAlleviationFoundation", "DisasterAlleviationFoundation.csproj", "{1462D95B-A08E-472B-BEA3-227F6932A925}"
EndProject
Project("{FAE04EC0-301F-11D3-BF4B-00C04F79EFBC}") = "UnitTests", "UnitTests\UnitTests.csproj", "{83AF97A4-DE42-40E9-91EE-A153DFB53980}"
EndProject
Global
	GlobalSection(SolutionConfigurationPlatforms) = preSolution
		Debug|Any CPU = Debug|Any CPU
		Release|Any CPU = Release|Any CPU
	EndGlobalSection
	GlobalSection(ProjectConfigurationPlatforms) = postSolution
		{1462D95B-A08E-472B-BEA3-227F6932A925}.Debug|Any CPU.ActiveCfg = Debug|Any CPU
		{1462D95B-A08E-472B-BEA3-227F6932A925}.Debug|Any CPU.Build.0 = Debug|Any CPU
		{1462D95B-A08E-472B-BEA3-227F6932A925}.Release|Any CPU.ActiveCfg = Release|Any CPU
		{1462D95B-A08E-472B-BEA3-227F6932A925}.Release|Any CPU.Build.0 = Release|Any CPU
		{83AF97A4-DE42-40E9-91EE-A153DFB53980}.Debug|Any CPU.ActiveCfg = Debug|Any CPU
		{83AF97A4-DE42-40E9-91EE-A153DFB53980}.Debug|Any CPU.Build.0 = Debug|Any CPU
		{83AF97A4-DE42-40E9-91EE-A153DFB53980}.Release|Any CPU.ActiveCfg = Release|Any CPU
		{83AF97A4-DE42-40E9-91EE-A153DFB53980}.Release|Any CPU.Build.0 = Release|Any CPU
	EndGlobalSection
	GlobalSection(SolutionProperties) = preSolution
		HideSolutionNode = FALSE
	EndGlobalSection
	GlobalSection(ExtensibilityGlobals) = postSolution
		SolutionGuid = {1D69ECF7-50DB-4955-BF0D-A2659F8AD8CB}
	EndGlobalSection
EndGlobal
